
Microsoft Visual Studio Solution File, Format Version 12.00
# Visual Studio Version 16
VisualStudioVersion = 16.0.810.22
MinimumVisualStudioVersion = 10.0.40219.1
Project("{FAE04EC0-301F-11D3-BF4B-00C04F79EFBC}") = "Integirfy_Demo", "Integirfy_Demo\Integirfy_Demo.csproj", "{F5067B54-0FDA-40AB-AE27-FDDBF4BF3BE8}"
EndProject
Global
	GlobalSection(SolutionConfigurationPlatforms) = preSolution
		Debug|Any CPU = Debug|Any CPU
		Release|Any CPU = Release|Any CPU
	EndGlobalSection
	GlobalSection(ProjectConfigurationPlatforms) = postSolution
		{F5067B54-0FDA-40AB-AE27-FDDBF4BF3BE8}.Debug|Any CPU.ActiveCfg = Debug|Any CPU
		{F5067B54-0FDA-40AB-AE27-FDDBF4BF3BE8}.Debug|Any CPU.Build.0 = Debug|Any CPU
		{F5067B54-0FDA-40AB-AE27-FDDBF4BF3BE8}.Release|Any CPU.ActiveCfg = Release|Any CPU
		{F5067B54-0FDA-40AB-AE27-FDDBF4BF3BE8}.Release|Any CPU.Build.0 = Release|Any CPU
	EndGlobalSection
	GlobalSection(SolutionProperties) = preSolution
		HideSolutionNode = FALSE
	EndGlobalSection
	GlobalSection(ExtensibilityGlobals) = postSolution
		SolutionGuid = {51420B42-76E2-4EC0-A41D-C7C011E3F8A0}
	EndGlobalSection
EndGlobal
